github.com/Grubba27/painter v0.4.0 h1:kXI0gWdUGMD6vnXKtiIGG6X4spmnUw2GDqDfANIMMvI=
github.com/Grubba27/painter v0.4.0/go.mod h1:3EJytrQp59s7yPs1ixkOEE3fun1SDhKOb45BgHcnBdE=
github.com/Grubba27/painter v0.5.0 h1:cgG+LwIIOFBjTIZr0QEi4WURzxHy7hbCElQYeF2T01M=
github.com/Grubba27/painter v0.5.0/go.mod h1:3EJytrQp59s7yPs1ixkOEE3fun1SDhKOb45BgHcnBdE=
